
Microsoft Visual Studio Solution File, Format Version 12.00
Project("{FAE04EC0-301F-11D3-BF4B-00C04F79EFBC}") = "Elwark.Account", "Elwark.Account\Elwark.Account.csproj", "{38201F17-D8C0-4DA4-B82E-956F0E731B36}"
EndProject
Global
	GlobalSection(SolutionConfigurationPlatforms) = preSolution
		Debug|Any CPU = Debug|Any CPU
		Release|Any CPU = Release|Any CPU
	EndGlobalSection
	GlobalSection(ProjectConfigurationPlatforms) = postSolution
		{38201F17-D8C0-4DA4-B82E-956F0E731B36}.Debug|Any CPU.ActiveCfg = Debug|Any CPU
		{38201F17-D8C0-4DA4-B82E-956F0E731B36}.Debug|Any CPU.Build.0 = Debug|Any CPU
		{38201F17-D8C0-4DA4-B82E-956F0E731B36}.Release|Any CPU.ActiveCfg = Release|Any CPU
		{38201F17-D8C0-4DA4-B82E-956F0E731B36}.Release|Any CPU.Build.0 = Release|Any CPU
	EndGlobalSection
EndGlobal
