
Microsoft Visual Studio Solution File, Format Version 12.00
Project("{2150E333-8FDC-42A3-9474-1A3956D46DE8}") = "src", "src", "{10A779CC-7ABC-42DD-A23E-CA0F2A094363}"
EndProject
Project("{FAE04EC0-301F-11D3-BF4B-00C04F79EFBC}") = "Elwark.Account.Web", "src\Elwark.Account.Web\Elwark.Account.Web.csproj", "{A51568B1-7773-4E74-85FD-B7B6A1B026BF}"
EndProject
Project("{FAE04EC0-301F-11D3-BF4B-00C04F79EFBC}") = "Elwark.Account.Shared", "src\Elwark.Account.Shared\Elwark.Account.Shared.csproj", "{3F5F3318-FE9D-472A-9BCC-A54F65704FBD}"
EndProject
Project("{FAE04EC0-301F-11D3-BF4B-00C04F79EFBC}") = "Elwark.Account.Components", "src\Elwark.Account.Components\Elwark.Account.Components.csproj", "{17ABBC0D-E735-4A6F-B218-1B38B74F4A3D}"
EndProject
Global
	GlobalSection(SolutionConfigurationPlatforms) = preSolution
		Debug|Any CPU = Debug|Any CPU
		Release|Any CPU = Release|Any CPU
	EndGlobalSection
	GlobalSection(ProjectConfigurationPlatforms) = postSolution
		{A51568B1-7773-4E74-85FD-B7B6A1B026BF}.Debug|Any CPU.ActiveCfg = Debug|Any CPU
		{A51568B1-7773-4E74-85FD-B7B6A1B026BF}.Debug|Any CPU.Build.0 = Debug|Any CPU
		{A51568B1-7773-4E74-85FD-B7B6A1B026BF}.Release|Any CPU.ActiveCfg = Release|Any CPU
		{A51568B1-7773-4E74-85FD-B7B6A1B026BF}.Release|Any CPU.Build.0 = Release|Any CPU
		{3F5F3318-FE9D-472A-9BCC-A54F65704FBD}.Debug|Any CPU.ActiveCfg = Debug|Any CPU
		{3F5F3318-FE9D-472A-9BCC-A54F65704FBD}.Debug|Any CPU.Build.0 = Debug|Any CPU
		{3F5F3318-FE9D-472A-9BCC-A54F65704FBD}.Release|Any CPU.ActiveCfg = Release|Any CPU
		{3F5F3318-FE9D-472A-9BCC-A54F65704FBD}.Release|Any CPU.Build.0 = Release|Any CPU
		{17ABBC0D-E735-4A6F-B218-1B38B74F4A3D}.Debug|Any CPU.ActiveCfg = Debug|Any CPU
		{17ABBC0D-E735-4A6F-B218-1B38B74F4A3D}.Debug|Any CPU.Build.0 = Debug|Any CPU
		{17ABBC0D-E735-4A6F-B218-1B38B74F4A3D}.Release|Any CPU.ActiveCfg = Release|Any CPU
		{17ABBC0D-E735-4A6F-B218-1B38B74F4A3D}.Release|Any CPU.Build.0 = Release|Any CPU
	EndGlobalSection
	GlobalSection(NestedProjects) = preSolution
		{A51568B1-7773-4E74-85FD-B7B6A1B026BF} = {10A779CC-7ABC-42DD-A23E-CA0F2A094363}
		{3F5F3318-FE9D-472A-9BCC-A54F65704FBD} = {10A779CC-7ABC-42DD-A23E-CA0F2A094363}
		{17ABBC0D-E735-4A6F-B218-1B38B74F4A3D} = {10A779CC-7ABC-42DD-A23E-CA0F2A094363}
	EndGlobalSection
EndGlobal
